
Microsoft Visual Studio Solution File, Format Version 12.00
# Visual Studio Version 17
VisualStudioVersion = 17.5.33516.290
MinimumVisualStudioVersion = 10.0.40219.1
Project("{FAE04EC0-301F-11D3-BF4B-00C04F79EFBC}") = "Ejemplo Perro", "Ejemplo Perro\Ejemplo Perro.csproj", "{AD15B0A6-5EC1-450D-B27B-24FA1B7C54FF}"
EndProject
Global
	GlobalSection(SolutionConfigurationPlatforms) = preSolution
		Debug|Any CPU = Debug|Any CPU
		Release|Any CPU = Release|Any CPU
	EndGlobalSection
	GlobalSection(ProjectConfigurationPlatforms) = postSolution
		{AD15B0A6-5EC1-450D-B27B-24FA1B7C54FF}.Debug|Any CPU.ActiveCfg = Debug|Any CPU
		{AD15B0A6-5EC1-450D-B27B-24FA1B7C54FF}.Debug|Any CPU.Build.0 = Debug|Any CPU
		{AD15B0A6-5EC1-450D-B27B-24FA1B7C54FF}.Release|Any CPU.ActiveCfg = Release|Any CPU
		{AD15B0A6-5EC1-450D-B27B-24FA1B7C54FF}.Release|Any CPU.Build.0 = Release|Any CPU
	EndGlobalSection
	GlobalSection(SolutionProperties) = preSolution
		HideSolutionNode = FALSE
	EndGlobalSection
	GlobalSection(ExtensibilityGlobals) = postSolution
		SolutionGuid = {FEA334E8-DDE8-46EB-8D07-62A563197D44}
	EndGlobalSection
EndGlobal
